
Microsoft Visual Studio Solution File, Format Version 12.00
# Visual Studio Version 17
VisualStudioVersion = 17.2.32630.192
MinimumVisualStudioVersion = 10.0.40219.1
Project("{2150E333-8FDC-42A3-9474-1A3956D46DE8}") = "tests", "tests", "{105B8F32-E795-4C15-AD3E-9F2BD7A9CE45}"
	ProjectSection(SolutionItems) = preProject
		tests\Directory.Build.props = tests\Directory.Build.props
	EndProjectSection
EndProject
Project("{2150E333-8FDC-42A3-9474-1A3956D46DE8}") = "root", "root", "{A5181A0E-BE4A-49D7-9C35-F39629C82E18}"
	ProjectSection(SolutionItems) = preProject
		.editorconfig = .editorconfig
		.gitattributes = .gitattributes
		.gitignore = .gitignore
		.globalconfig = .globalconfig
		build.cake = build.cake
		Directory.Build.props = Directory.Build.props
		GitVersion.yml = GitVersion.yml
		global.json = global.json
		nuget.config = nuget.config
		README.md = README.md
	EndProjectSection
EndProject
Project("{2150E333-8FDC-42A3-9474-1A3956D46DE8}") = "src", "src", "{3BF554BF-C594-4881-8335-0A4FAC3F9FEC}"
EndProject
Project("{FAE04EC0-301F-11D3-BF4B-00C04F79EFBC}") = "EventSourcingWithEF", "src\EventSourcingWithEF\EventSourcingWithEF.csproj", "{AFAD90B3-5388-4F83-B972-67C00EC2B284}"
EndProject
Project("{FAE04EC0-301F-11D3-BF4B-00C04F79EFBC}") = "EventSourcingWithEF.Tests", "tests\EventSourcingWithEF.Tests\EventSourcingWithEF.Tests.csproj", "{EA95CC6E-3BEF-4FF8-B016-67C5A0D31A10}"
EndProject
Global
	GlobalSection(SolutionConfigurationPlatforms) = preSolution
		Debug|Any CPU = Debug|Any CPU
		Release|Any CPU = Release|Any CPU
	EndGlobalSection
	GlobalSection(ProjectConfigurationPlatforms) = postSolution
		{AFAD90B3-5388-4F83-B972-67C00EC2B284}.Debug|Any CPU.ActiveCfg = Debug|Any CPU
		{AFAD90B3-5388-4F83-B972-67C00EC2B284}.Debug|Any CPU.Build.0 = Debug|Any CPU
		{AFAD90B3-5388-4F83-B972-67C00EC2B284}.Release|Any CPU.ActiveCfg = Release|Any CPU
		{AFAD90B3-5388-4F83-B972-67C00EC2B284}.Release|Any CPU.Build.0 = Release|Any CPU
		{EA95CC6E-3BEF-4FF8-B016-67C5A0D31A10}.Debug|Any CPU.ActiveCfg = Debug|Any CPU
		{EA95CC6E-3BEF-4FF8-B016-67C5A0D31A10}.Debug|Any CPU.Build.0 = Debug|Any CPU
		{EA95CC6E-3BEF-4FF8-B016-67C5A0D31A10}.Release|Any CPU.ActiveCfg = Release|Any CPU
		{EA95CC6E-3BEF-4FF8-B016-67C5A0D31A10}.Release|Any CPU.Build.0 = Release|Any CPU
	EndGlobalSection
	GlobalSection(SolutionProperties) = preSolution
		HideSolutionNode = FALSE
	EndGlobalSection
	GlobalSection(ExtensibilityGlobals) = postSolution
		SolutionGuid = {17E5D062-4C17-480F-99B1-7D981A79491A}
	EndGlobalSection
	GlobalSection(NestedProjects) = preSolution
		{AFAD90B3-5388-4F83-B972-67C00EC2B284} = {3BF554BF-C594-4881-8335-0A4FAC3F9FEC}
		{EA95CC6E-3BEF-4FF8-B016-67C5A0D31A10} = {105B8F32-E795-4C15-AD3E-9F2BD7A9CE45}
	EndGlobalSection
EndGlobal
